
Microsoft Visual Studio Solution File, Format Version 12.00
# Visual Studio Version 17
VisualStudioVersion = 17.11.35219.272
MinimumVisualStudioVersion = 10.0.40219.1
Project("{FAE04EC0-301F-11D3-BF4B-00C04F79EFBC}") = "Transacciones", "Transacciones.csproj", "{9D856DA9-B4D2-4DDF-B205-A06D35859E2F}"
EndProject
Project("{FAE04EC0-301F-11D3-BF4B-00C04F79EFBC}") = "ACCESO", "..\ACCESO\ACCESO.csproj", "{343F15E2-AA0A-458A-B553-D07AD7607069}"
EndProject
Project("{FAE04EC0-301F-11D3-BF4B-00C04F79EFBC}") = "Negocio", "..\Negocio\Negocio.csproj", "{A452DF1A-EDA2-4960-890F-D394F2D4E385}"
EndProject
Global
	GlobalSection(SolutionConfigurationPlatforms) = preSolution
		Debug|Any CPU = Debug|Any CPU
		Release|Any CPU = Release|Any CPU
	EndGlobalSection
	GlobalSection(ProjectConfigurationPlatforms) = postSolution
		{9D856DA9-B4D2-4DDF-B205-A06D35859E2F}.Debug|Any CPU.ActiveCfg = Debug|Any CPU
		{9D856DA9-B4D2-4DDF-B205-A06D35859E2F}.Debug|Any CPU.Build.0 = Debug|Any CPU
		{9D856DA9-B4D2-4DDF-B205-A06D35859E2F}.Release|Any CPU.ActiveCfg = Release|Any CPU
		{9D856DA9-B4D2-4DDF-B205-A06D35859E2F}.Release|Any CPU.Build.0 = Release|Any CPU
		{343F15E2-AA0A-458A-B553-D07AD7607069}.Debug|Any CPU.ActiveCfg = Debug|Any CPU
		{343F15E2-AA0A-458A-B553-D07AD7607069}.Debug|Any CPU.Build.0 = Debug|Any CPU
		{343F15E2-AA0A-458A-B553-D07AD7607069}.Release|Any CPU.ActiveCfg = Release|Any CPU
		{343F15E2-AA0A-458A-B553-D07AD7607069}.Release|Any CPU.Build.0 = Release|Any CPU
		{A452DF1A-EDA2-4960-890F-D394F2D4E385}.Debug|Any CPU.ActiveCfg = Debug|Any CPU
		{A452DF1A-EDA2-4960-890F-D394F2D4E385}.Debug|Any CPU.Build.0 = Debug|Any CPU
		{A452DF1A-EDA2-4960-890F-D394F2D4E385}.Release|Any CPU.ActiveCfg = Release|Any CPU
		{A452DF1A-EDA2-4960-890F-D394F2D4E385}.Release|Any CPU.Build.0 = Release|Any CPU
	EndGlobalSection
	GlobalSection(SolutionProperties) = preSolution
		HideSolutionNode = FALSE
	EndGlobalSection
	GlobalSection(ExtensibilityGlobals) = postSolution
		SolutionGuid = {5951F92D-5C9D-4C44-AC81-BBF249F60890}
	EndGlobalSection
EndGlobal
